
Microsoft Visual Studio Solution File, Format Version 12.00
# Visual Studio Version 17
VisualStudioVersion = 17.11.35208.52
MinimumVisualStudioVersion = 10.0.40219.1
Project("{8BC9CEB8-8B4A-11D0-8D11-00A0C91BC942}") = "C", "C.vcxproj", "{FDB80B7E-6E8A-44DF-9A3D-B7B849FDCB59}"
EndProject
Project("{8BC9CEB8-8B4A-11D0-8D11-00A0C91BC942}") = "printfintC", "printfintC\printfintC.vcxproj", "{5BD90475-A906-4115-90CB-1611BBE8551B}"
EndProject
Project("{8BC9CEB8-8B4A-11D0-8D11-00A0C91BC942}") = "printfintASM", "printfintASM\printfintASM.vcxproj", "{276DD0EB-45AD-44A7-B778-6DBEE64A7488}"
EndProject
Project("{8BC9CEB8-8B4A-11D0-8D11-00A0C91BC942}") = "printfextC", "printfextC\printfextC.vcxproj", "{78B06070-DCA4-4443-990D-F472232D8376}"
EndProject
Project("{8BC9CEB8-8B4A-11D0-8D11-00A0C91BC942}") = "printfextASM", "printfextASM\printfextASM.vcxproj", "{4110CFC9-F749-4A69-9609-D3712C33B2F8}"
EndProject
Project("{8BC9CEB8-8B4A-11D0-8D11-00A0C91BC942}") = "scanfintC", "scanfintC\scanfintC.vcxproj", "{7210829B-1844-4261-BE92-EEE42782F9AB}"
EndProject
Project("{8BC9CEB8-8B4A-11D0-8D11-00A0C91BC942}") = "scanfintASM", "scanfintASM\scanfintASM.vcxproj", "{8905C223-34FA-4544-98A5-79558BF6C873}"
EndProject
Project("{8BC9CEB8-8B4A-11D0-8D11-00A0C91BC942}") = "scanfextC", "scanfextC\scanfextC.vcxproj", "{6C6CFDFB-2739-49C5-B28F-9F5BB9BC6449}"
EndProject
Project("{8BC9CEB8-8B4A-11D0-8D11-00A0C91BC942}") = "scanfextASM", "scanfextASM\scanfextASM.vcxproj", "{021A1E90-BAF7-40AA-B027-BAD86BD1E2AA}"
EndProject
Project("{8BC9CEB8-8B4A-11D0-8D11-00A0C91BC942}") = "DataTypeC", "DataTypeC\DataTypeC.vcxproj", "{D3077D89-7A48-476E-B5CD-CC34A60C3FAA}"
EndProject
Project("{8BC9CEB8-8B4A-11D0-8D11-00A0C91BC942}") = "DataTypeASM", "DataTypeASM\DataTypeASM.vcxproj", "{046726B5-3306-4D4D-AF7C-D853FE3ABC7F}"
EndProject
Project("{8BC9CEB8-8B4A-11D0-8D11-00A0C91BC942}") = "switchC", "switchC\switchC.vcxproj", "{A73E3112-B287-437B-AF8E-32FFC9B01E72}"
EndProject
Project("{8BC9CEB8-8B4A-11D0-8D11-00A0C91BC942}") = "switchASM", "switchASM\switchASM.vcxproj", "{6B2B0B1A-903C-4949-AFCF-FED69E216CB8}"
EndProject
Project("{8BC9CEB8-8B4A-11D0-8D11-00A0C91BC942}") = "ifC", "ifC\ifC.vcxproj", "{B51A8D50-DCBF-4CF3-B3BE-4F4899CBAFDA}"
EndProject
Project("{8BC9CEB8-8B4A-11D0-8D11-00A0C91BC942}") = "doC", "doC\doC.vcxproj", "{BA4DB534-5F68-422B-96AB-F4C97093CE8C}"
EndProject
Project("{8BC9CEB8-8B4A-11D0-8D11-00A0C91BC942}") = "doASM", "doASM\doASM.vcxproj", "{25256F64-4BCF-4972-A319-162D16AAE429}"
EndProject
Project("{8BC9CEB8-8B4A-11D0-8D11-00A0C91BC942}") = "forC", "forC\forC.vcxproj", "{FD816C66-ECDD-49B2-BF4A-AB6C6586F9E3}"
EndProject
Project("{8BC9CEB8-8B4A-11D0-8D11-00A0C91BC942}") = "forASM", "forASM\forASM.vcxproj", "{20DC33A0-F10A-49FE-B24B-0F28EECFAB5A}"
EndProject
Project("{8BC9CEB8-8B4A-11D0-8D11-00A0C91BC942}") = "whileC", "whileC\whileC.vcxproj", "{BB62D6C1-97F8-48B2-B18A-0D562EE98742}"
EndProject
Project("{8BC9CEB8-8B4A-11D0-8D11-00A0C91BC942}") = "doNestedC", "doNestedC\doNestedC.vcxproj", "{761D961E-4F76-4658-9BBC-356B8CF3B51A}"
EndProject
Project("{8BC9CEB8-8B4A-11D0-8D11-00A0C91BC942}") = "doNestedASM", "doNestedASM\doNestedASM.vcxproj", "{3C0EE72E-7B28-4DA8-8722-3F40CE85932F}"
EndProject
Project("{8BC9CEB8-8B4A-11D0-8D11-00A0C91BC942}") = "forNestedC", "forNestedC\forNestedC.vcxproj", "{9DBA00F8-28CB-474A-8105-D77D6E06BE52}"
EndProject
Project("{8BC9CEB8-8B4A-11D0-8D11-00A0C91BC942}") = "forNestedASM", "forNestedASM\forNestedASM.vcxproj", "{4E7CC9D1-7655-4F88-B7C9-8E5C2C647D25}"
EndProject
Project("{8BC9CEB8-8B4A-11D0-8D11-00A0C91BC942}") = "whileNestedC", "whileNestedC\whileNestedC.vcxproj", "{A363F97A-7DFB-42B2-9536-1A60FB460E13}"
EndProject
Project("{8BC9CEB8-8B4A-11D0-8D11-00A0C91BC942}") = "BreakLoopC", "BreakLoopC\BreakLoopC.vcxproj", "{D361D6DF-5010-4D9B-8D54-418A1FEECB98}"
EndProject
Project("{8BC9CEB8-8B4A-11D0-8D11-00A0C91BC942}") = "BreakLoopASM", "BreakLoopASM\BreakLoopASM.vcxproj", "{60B5F00D-F04B-4730-8707-6303ABF8E1AE}"
EndProject
Project("{8BC9CEB8-8B4A-11D0-8D11-00A0C91BC942}") = "continueC", "continueC\continueC.vcxproj", "{B08566EB-C102-4006-B6EF-29F300DA7B92}"
EndProject
Project("{8BC9CEB8-8B4A-11D0-8D11-00A0C91BC942}") = "continueASM", "continueASM\continueASM.vcxproj", "{8D63AAB8-08C5-4E7F-8747-1006294DACB9}"
EndProject
Project("{8BC9CEB8-8B4A-11D0-8D11-00A0C91BC942}") = "doInfinityC", "doInfinityC\doInfinityC.vcxproj", "{7D092719-F5DD-419D-B4FC-672B79C4713C}"
EndProject
Project("{8BC9CEB8-8B4A-11D0-8D11-00A0C91BC942}") = "doInfinityASM", "doInfinityASM\doInfinityASM.vcxproj", "{F1D836C9-5C2C-4AB4-9FF2-13CFFD022A3E}"
EndProject
Project("{8BC9CEB8-8B4A-11D0-8D11-00A0C91BC942}") = "forInfinityC", "forInfinityC\forInfinityC.vcxproj", "{47BEF9E0-72D9-4570-A16E-4D2A03EE90A0}"
EndProject
Project("{8BC9CEB8-8B4A-11D0-8D11-00A0C91BC942}") = "forInfinityASM", "forInfinityASM\forInfinityASM.vcxproj", "{41B68EAD-EED6-4E15-AAB1-33FA45A33667}"
EndProject
Project("{8BC9CEB8-8B4A-11D0-8D11-00A0C91BC942}") = "whileInfinityC", "whileInfinityC\whileInfinityC.vcxproj", "{4A7813B3-850D-4BAC-AEBB-69A5EF184590}"
EndProject
Project("{8BC9CEB8-8B4A-11D0-8D11-00A0C91BC942}") = "constC", "constC\constC.vcxproj", "{9B72D788-D969-479D-9A44-EA64E27F7585}"
EndProject
Project("{8BC9CEB8-8B4A-11D0-8D11-00A0C91BC942}") = "constASM", "constASM\constASM.vcxproj", "{8A44E823-8ADC-4F16-9CE3-37AB9C51978E}"
EndProject
Project("{8BC9CEB8-8B4A-11D0-8D11-00A0C91BC942}") = "gotoC", "gotoC\gotoC.vcxproj", "{12BE5B85-D49C-48A8-B0C2-32CB56A75AC3}"
EndProject
Project("{8BC9CEB8-8B4A-11D0-8D11-00A0C91BC942}") = "PostfixC", "PostfixC\PostfixC.vcxproj", "{73CE10E1-7C46-44AD-9216-ADC02527E0D3}"
EndProject
Project("{8BC9CEB8-8B4A-11D0-8D11-00A0C91BC942}") = "PostfixASM", "PostfixASM\PostfixASM.vcxproj", "{ACE4750C-DF57-4A6C-B6F7-6FAC52860319}"
EndProject
Project("{8BC9CEB8-8B4A-11D0-8D11-00A0C91BC942}") = "MultiplicativeC", "MultiplicativeC\MultiplicativeC.vcxproj", "{E821F6AE-C7D2-4856-BB68-929D8CE13211}"
EndProject
Project("{8BC9CEB8-8B4A-11D0-8D11-00A0C91BC942}") = "UnaryC", "UnaryC\UnaryC.vcxproj", "{916DF1B7-A6BF-45DF-88FE-614B758082ED}"
EndProject
Project("{8BC9CEB8-8B4A-11D0-8D11-00A0C91BC942}") = "UnaryASM", "UnaryASM\UnaryASM.vcxproj", "{CE58E4ED-5B9A-4F2E-9E22-6F6C5A5A8677}"
EndProject
Project("{8BC9CEB8-8B4A-11D0-8D11-00A0C91BC942}") = "AdditiveC", "AdditiveC\AdditiveC.vcxproj", "{B6DD972F-4507-4090-A21C-32EACBFCF551}"
EndProject
Project("{8BC9CEB8-8B4A-11D0-8D11-00A0C91BC942}") = "AdditiveASM", "AdditiveASM\AdditiveASM.vcxproj", "{A15D4A2A-18B9-49ED-934B-C54044C180B6}"
EndProject
Project("{8BC9CEB8-8B4A-11D0-8D11-00A0C91BC942}") = "MultiplicativeASM", "MultiplicativeASM\MultiplicativeASM.vcxproj", "{6908671E-4DE5-4893-A9CF-ABB4072DACA9}"
EndProject
Global
	GlobalSection(SolutionConfigurationPlatforms) = preSolution
		Debug|x64 = Debug|x64
		Debug|x86 = Debug|x86
		Release|x64 = Release|x64
		Release|x86 = Release|x86
	EndGlobalSection
	GlobalSection(ProjectConfigurationPlatforms) = postSolution
		{FDB80B7E-6E8A-44DF-9A3D-B7B849FDCB59}.Debug|x64.ActiveCfg = Debug|x64
		{FDB80B7E-6E8A-44DF-9A3D-B7B849FDCB59}.Debug|x64.Build.0 = Debug|x64
		{FDB80B7E-6E8A-44DF-9A3D-B7B849FDCB59}.Debug|x86.ActiveCfg = Debug|Win32
		{FDB80B7E-6E8A-44DF-9A3D-B7B849FDCB59}.Debug|x86.Build.0 = Debug|Win32
		{FDB80B7E-6E8A-44DF-9A3D-B7B849FDCB59}.Release|x64.ActiveCfg = Release|x64
		{FDB80B7E-6E8A-44DF-9A3D-B7B849FDCB59}.Release|x64.Build.0 = Release|x64
		{FDB80B7E-6E8A-44DF-9A3D-B7B849FDCB59}.Release|x86.ActiveCfg = Release|Win32
		{FDB80B7E-6E8A-44DF-9A3D-B7B849FDCB59}.Release|x86.Build.0 = Release|Win32
		{5BD90475-A906-4115-90CB-1611BBE8551B}.Debug|x64.ActiveCfg = Debug|x64
		{5BD90475-A906-4115-90CB-1611BBE8551B}.Debug|x64.Build.0 = Debug|x64
		{5BD90475-A906-4115-90CB-1611BBE8551B}.Debug|x86.ActiveCfg = Debug|Win32
		{5BD90475-A906-4115-90CB-1611BBE8551B}.Debug|x86.Build.0 = Debug|Win32
		{5BD90475-A906-4115-90CB-1611BBE8551B}.Release|x64.ActiveCfg = Release|x64
		{5BD90475-A906-4115-90CB-1611BBE8551B}.Release|x64.Build.0 = Release|x64
		{5BD90475-A906-4115-90CB-1611BBE8551B}.Release|x86.ActiveCfg = Release|Win32
		{5BD90475-A906-4115-90CB-1611BBE8551B}.Release|x86.Build.0 = Release|Win32
		{276DD0EB-45AD-44A7-B778-6DBEE64A7488}.Debug|x64.ActiveCfg = Debug|x64
		{276DD0EB-45AD-44A7-B778-6DBEE64A7488}.Debug|x64.Build.0 = Debug|x64
		{276DD0EB-45AD-44A7-B778-6DBEE64A7488}.Debug|x86.ActiveCfg = Debug|Win32
		{276DD0EB-45AD-44A7-B778-6DBEE64A7488}.Debug|x86.Build.0 = Debug|Win32
		{276DD0EB-45AD-44A7-B778-6DBEE64A7488}.Release|x64.ActiveCfg = Release|x64
		{276DD0EB-45AD-44A7-B778-6DBEE64A7488}.Release|x64.Build.0 = Release|x64
		{276DD0EB-45AD-44A7-B778-6DBEE64A7488}.Release|x86.ActiveCfg = Release|Win32
		{276DD0EB-45AD-44A7-B778-6DBEE64A7488}.Release|x86.Build.0 = Release|Win32
		{78B06070-DCA4-4443-990D-F472232D8376}.Debug|x64.ActiveCfg = Debug|x64
		{78B06070-DCA4-4443-990D-F472232D8376}.Debug|x64.Build.0 = Debug|x64
		{78B06070-DCA4-4443-990D-F472232D8376}.Debug|x86.ActiveCfg = Debug|Win32
		{78B06070-DCA4-4443-990D-F472232D8376}.Debug|x86.Build.0 = Debug|Win32
		{78B06070-DCA4-4443-990D-F472232D8376}.Release|x64.ActiveCfg = Release|x64
		{78B06070-DCA4-4443-990D-F472232D8376}.Release|x64.Build.0 = Release|x64
		{78B06070-DCA4-4443-990D-F472232D8376}.Release|x86.ActiveCfg = Release|Win32
		{78B06070-DCA4-4443-990D-F472232D8376}.Release|x86.Build.0 = Release|Win32
		{4110CFC9-F749-4A69-9609-D3712C33B2F8}.Debug|x64.ActiveCfg = Debug|x64
		{4110CFC9-F749-4A69-9609-D3712C33B2F8}.Debug|x64.Build.0 = Debug|x64
		{4110CFC9-F749-4A69-9609-D3712C33B2F8}.Debug|x86.ActiveCfg = Debug|Win32
		{4110CFC9-F749-4A69-9609-D3712C33B2F8}.Debug|x86.Build.0 = Debug|Win32
		{4110CFC9-F749-4A69-9609-D3712C33B2F8}.Release|x64.ActiveCfg = Release|x64
		{4110CFC9-F749-4A69-9609-D3712C33B2F8}.Release|x64.Build.0 = Release|x64
		{4110CFC9-F749-4A69-9609-D3712C33B2F8}.Release|x86.ActiveCfg = Release|Win32
		{4110CFC9-F749-4A69-9609-D3712C33B2F8}.Release|x86.Build.0 = Release|Win32
		{7210829B-1844-4261-BE92-EEE42782F9AB}.Debug|x64.ActiveCfg = Debug|x64
		{7210829B-1844-4261-BE92-EEE42782F9AB}.Debug|x64.Build.0 = Debug|x64
		{7210829B-1844-4261-BE92-EEE42782F9AB}.Debug|x86.ActiveCfg = Debug|Win32
		{7210829B-1844-4261-BE92-EEE42782F9AB}.Debug|x86.Build.0 = Debug|Win32
		{7210829B-1844-4261-BE92-EEE42782F9AB}.Release|x64.ActiveCfg = Release|x64
		{7210829B-1844-4261-BE92-EEE42782F9AB}.Release|x64.Build.0 = Release|x64
		{7210829B-1844-4261-BE92-EEE42782F9AB}.Release|x86.ActiveCfg = Release|Win32
		{7210829B-1844-4261-BE92-EEE42782F9AB}.Release|x86.Build.0 = Release|Win32
		{8905C223-34FA-4544-98A5-79558BF6C873}.Debug|x64.ActiveCfg = Debug|x64
		{8905C223-34FA-4544-98A5-79558BF6C873}.Debug|x64.Build.0 = Debug|x64
		{8905C223-34FA-4544-98A5-79558BF6C873}.Debug|x86.ActiveCfg = Debug|Win32
		{8905C223-34FA-4544-98A5-79558BF6C873}.Debug|x86.Build.0 = Debug|Win32
		{8905C223-34FA-4544-98A5-79558BF6C873}.Release|x64.ActiveCfg = Release|x64
		{8905C223-34FA-4544-98A5-79558BF6C873}.Release|x64.Build.0 = Release|x64
		{8905C223-34FA-4544-98A5-79558BF6C873}.Release|x86.ActiveCfg = Release|Win32
		{8905C223-34FA-4544-98A5-79558BF6C873}.Release|x86.Build.0 = Release|Win32
		{6C6CFDFB-2739-49C5-B28F-9F5BB9BC6449}.Debug|x64.ActiveCfg = Debug|x64
		{6C6CFDFB-2739-49C5-B28F-9F5BB9BC6449}.Debug|x64.Build.0 = Debug|x64
		{6C6CFDFB-2739-49C5-B28F-9F5BB9BC6449}.Debug|x86.ActiveCfg = Debug|Win32
		{6C6CFDFB-2739-49C5-B28F-9F5BB9BC6449}.Debug|x86.Build.0 = Debug|Win32
		{6C6CFDFB-2739-49C5-B28F-9F5BB9BC6449}.Release|x64.ActiveCfg = Release|x64
		{6C6CFDFB-2739-49C5-B28F-9F5BB9BC6449}.Release|x64.Build.0 = Release|x64
		{6C6CFDFB-2739-49C5-B28F-9F5BB9BC6449}.Release|x86.ActiveCfg = Release|Win32
		{6C6CFDFB-2739-49C5-B28F-9F5BB9BC6449}.Release|x86.Build.0 = Release|Win32
		{021A1E90-BAF7-40AA-B027-BAD86BD1E2AA}.Debug|x64.ActiveCfg = Debug|x64
		{021A1E90-BAF7-40AA-B027-BAD86BD1E2AA}.Debug|x64.Build.0 = Debug|x64
		{021A1E90-BAF7-40AA-B027-BAD86BD1E2AA}.Debug|x86.ActiveCfg = Debug|Win32
		{021A1E90-BAF7-40AA-B027-BAD86BD1E2AA}.Debug|x86.Build.0 = Debug|Win32
		{021A1E90-BAF7-40AA-B027-BAD86BD1E2AA}.Release|x64.ActiveCfg = Release|x64
		{021A1E90-BAF7-40AA-B027-BAD86BD1E2AA}.Release|x64.Build.0 = Release|x64
		{021A1E90-BAF7-40AA-B027-BAD86BD1E2AA}.Release|x86.ActiveCfg = Release|Win32
		{021A1E90-BAF7-40AA-B027-BAD86BD1E2AA}.Release|x86.Build.0 = Release|Win32
		{D3077D89-7A48-476E-B5CD-CC34A60C3FAA}.Debug|x64.ActiveCfg = Debug|x64
		{D3077D89-7A48-476E-B5CD-CC34A60C3FAA}.Debug|x64.Build.0 = Debug|x64
		{D3077D89-7A48-476E-B5CD-CC34A60C3FAA}.Debug|x86.ActiveCfg = Debug|Win32
		{D3077D89-7A48-476E-B5CD-CC34A60C3FAA}.Debug|x86.Build.0 = Debug|Win32
		{D3077D89-7A48-476E-B5CD-CC34A60C3FAA}.Release|x64.ActiveCfg = Release|x64
		{D3077D89-7A48-476E-B5CD-CC34A60C3FAA}.Release|x64.Build.0 = Release|x64
		{D3077D89-7A48-476E-B5CD-CC34A60C3FAA}.Release|x86.ActiveCfg = Release|Win32
		{D3077D89-7A48-476E-B5CD-CC34A60C3FAA}.Release|x86.Build.0 = Release|Win32
		{046726B5-3306-4D4D-AF7C-D853FE3ABC7F}.Debug|x64.ActiveCfg = Debug|x64
		{046726B5-3306-4D4D-AF7C-D853FE3ABC7F}.Debug|x64.Build.0 = Debug|x64
		{046726B5-3306-4D4D-AF7C-D853FE3ABC7F}.Debug|x86.ActiveCfg = Debug|Win32
		{046726B5-3306-4D4D-AF7C-D853FE3ABC7F}.Debug|x86.Build.0 = Debug|Win32
		{046726B5-3306-4D4D-AF7C-D853FE3ABC7F}.Release|x64.ActiveCfg = Release|x64
		{046726B5-3306-4D4D-AF7C-D853FE3ABC7F}.Release|x64.Build.0 = Release|x64
		{046726B5-3306-4D4D-AF7C-D853FE3ABC7F}.Release|x86.ActiveCfg = Release|Win32
		{046726B5-3306-4D4D-AF7C-D853FE3ABC7F}.Release|x86.Build.0 = Release|Win32
		{A73E3112-B287-437B-AF8E-32FFC9B01E72}.Debug|x64.ActiveCfg = Debug|x64
		{A73E3112-B287-437B-AF8E-32FFC9B01E72}.Debug|x64.Build.0 = Debug|x64
		{A73E3112-B287-437B-AF8E-32FFC9B01E72}.Debug|x86.ActiveCfg = Debug|Win32
		{A73E3112-B287-437B-AF8E-32FFC9B01E72}.Debug|x86.Build.0 = Debug|Win32
		{A73E3112-B287-437B-AF8E-32FFC9B01E72}.Release|x64.ActiveCfg = Release|x64
		{A73E3112-B287-437B-AF8E-32FFC9B01E72}.Release|x64.Build.0 = Release|x64
		{A73E3112-B287-437B-AF8E-32FFC9B01E72}.Release|x86.ActiveCfg = Release|Win32
		{A73E3112-B287-437B-AF8E-32FFC9B01E72}.Release|x86.Build.0 = Release|Win32
		{6B2B0B1A-903C-4949-AFCF-FED69E216CB8}.Debug|x64.ActiveCfg = Debug|x64
		{6B2B0B1A-903C-4949-AFCF-FED69E216CB8}.Debug|x64.Build.0 = Debug|x64
		{6B2B0B1A-903C-4949-AFCF-FED69E216CB8}.Debug|x86.ActiveCfg = Debug|Win32
		{6B2B0B1A-903C-4949-AFCF-FED69E216CB8}.Debug|x86.Build.0 = Debug|Win32
		{6B2B0B1A-903C-4949-AFCF-FED69E216CB8}.Release|x64.ActiveCfg = Release|x64
		{6B2B0B1A-903C-4949-AFCF-FED69E216CB8}.Release|x64.Build.0 = Release|x64
		{6B2B0B1A-903C-4949-AFCF-FED69E216CB8}.Release|x86.ActiveCfg = Release|Win32
		{6B2B0B1A-903C-4949-AFCF-FED69E216CB8}.Release|x86.Build.0 = Release|Win32
		{B51A8D50-DCBF-4CF3-B3BE-4F4899CBAFDA}.Debug|x64.ActiveCfg = Debug|x64
		{B51A8D50-DCBF-4CF3-B3BE-4F4899CBAFDA}.Debug|x64.Build.0 = Debug|x64
		{B51A8D50-DCBF-4CF3-B3BE-4F4899CBAFDA}.Debug|x86.ActiveCfg = Debug|Win32
		{B51A8D50-DCBF-4CF3-B3BE-4F4899CBAFDA}.Debug|x86.Build.0 = Debug|Win32
		{B51A8D50-DCBF-4CF3-B3BE-4F4899CBAFDA}.Release|x64.ActiveCfg = Release|x64
		{B51A8D50-DCBF-4CF3-B3BE-4F4899CBAFDA}.Release|x64.Build.0 = Release|x64
		{B51A8D50-DCBF-4CF3-B3BE-4F4899CBAFDA}.Release|x86.ActiveCfg = Release|Win32
		{B51A8D50-DCBF-4CF3-B3BE-4F4899CBAFDA}.Release|x86.Build.0 = Release|Win32
		{BA4DB534-5F68-422B-96AB-F4C97093CE8C}.Debug|x64.ActiveCfg = Debug|x64
		{BA4DB534-5F68-422B-96AB-F4C97093CE8C}.Debug|x64.Build.0 = Debug|x64
		{BA4DB534-5F68-422B-96AB-F4C97093CE8C}.Debug|x86.ActiveCfg = Debug|Win32
		{BA4DB534-5F68-422B-96AB-F4C97093CE8C}.Debug|x86.Build.0 = Debug|Win32
		{BA4DB534-5F68-422B-96AB-F4C97093CE8C}.Release|x64.ActiveCfg = Release|x64
		{BA4DB534-5F68-422B-96AB-F4C97093CE8C}.Release|x64.Build.0 = Release|x64
		{BA4DB534-5F68-422B-96AB-F4C97093CE8C}.Release|x86.ActiveCfg = Release|Win32
		{BA4DB534-5F68-422B-96AB-F4C97093CE8C}.Release|x86.Build.0 = Release|Win32
		{25256F64-4BCF-4972-A319-162D16AAE429}.Debug|x64.ActiveCfg = Debug|x64
		{25256F64-4BCF-4972-A319-162D16AAE429}.Debug|x64.Build.0 = Debug|x64
		{25256F64-4BCF-4972-A319-162D16AAE429}.Debug|x86.ActiveCfg = Debug|Win32
		{25256F64-4BCF-4972-A319-162D16AAE429}.Debug|x86.Build.0 = Debug|Win32
		{25256F64-4BCF-4972-A319-162D16AAE429}.Release|x64.ActiveCfg = Release|x64
		{25256F64-4BCF-4972-A319-162D16AAE429}.Release|x64.Build.0 = Release|x64
		{25256F64-4BCF-4972-A319-162D16AAE429}.Release|x86.ActiveCfg = Release|Win32
		{25256F64-4BCF-4972-A319-162D16AAE429}.Release|x86.Build.0 = Release|Win32
		{FD816C66-ECDD-49B2-BF4A-AB6C6586F9E3}.Debug|x64.ActiveCfg = Debug|x64
		{FD816C66-ECDD-49B2-BF4A-AB6C6586F9E3}.Debug|x64.Build.0 = Debug|x64
		{FD816C66-ECDD-49B2-BF4A-AB6C6586F9E3}.Debug|x86.ActiveCfg = Debug|Win32
		{FD816C66-ECDD-49B2-BF4A-AB6C6586F9E3}.Debug|x86.Build.0 = Debug|Win32
		{FD816C66-ECDD-49B2-BF4A-AB6C6586F9E3}.Release|x64.ActiveCfg = Release|x64
		{FD816C66-ECDD-49B2-BF4A-AB6C6586F9E3}.Release|x64.Build.0 = Release|x64
		{FD816C66-ECDD-49B2-BF4A-AB6C6586F9E3}.Release|x86.ActiveCfg = Release|Win32
		{FD816C66-ECDD-49B2-BF4A-AB6C6586F9E3}.Release|x86.Build.0 = Release|Win32
		{20DC33A0-F10A-49FE-B24B-0F28EECFAB5A}.Debug|x64.ActiveCfg = Debug|x64
		{20DC33A0-F10A-49FE-B24B-0F28EECFAB5A}.Debug|x64.Build.0 = Debug|x64
		{20DC33A0-F10A-49FE-B24B-0F28EECFAB5A}.Debug|x86.ActiveCfg = Debug|Win32
		{20DC33A0-F10A-49FE-B24B-0F28EECFAB5A}.Debug|x86.Build.0 = Debug|Win32
		{20DC33A0-F10A-49FE-B24B-0F28EECFAB5A}.Release|x64.ActiveCfg = Release|x64
		{20DC33A0-F10A-49FE-B24B-0F28EECFAB5A}.Release|x64.Build.0 = Release|x64
		{20DC33A0-F10A-49FE-B24B-0F28EECFAB5A}.Release|x86.ActiveCfg = Release|Win32
		{20DC33A0-F10A-49FE-B24B-0F28EECFAB5A}.Release|x86.Build.0 = Release|Win32
		{BB62D6C1-97F8-48B2-B18A-0D562EE98742}.Debug|x64.ActiveCfg = Debug|x64
		{BB62D6C1-97F8-48B2-B18A-0D562EE98742}.Debug|x64.Build.0 = Debug|x64
		{BB62D6C1-97F8-48B2-B18A-0D562EE98742}.Debug|x86.ActiveCfg = Debug|Win32
		{BB62D6C1-97F8-48B2-B18A-0D562EE98742}.Debug|x86.Build.0 = Debug|Win32
		{BB62D6C1-97F8-48B2-B18A-0D562EE98742}.Release|x64.ActiveCfg = Release|x64
		{BB62D6C1-97F8-48B2-B18A-0D562EE98742}.Release|x64.Build.0 = Release|x64
		{BB62D6C1-97F8-48B2-B18A-0D562EE98742}.Release|x86.ActiveCfg = Release|Win32
		{BB62D6C1-97F8-48B2-B18A-0D562EE98742}.Release|x86.Build.0 = Release|Win32
		{761D961E-4F76-4658-9BBC-356B8CF3B51A}.Debug|x64.ActiveCfg = Debug|x64
		{761D961E-4F76-4658-9BBC-356B8CF3B51A}.Debug|x64.Build.0 = Debug|x64
		{761D961E-4F76-4658-9BBC-356B8CF3B51A}.Debug|x86.ActiveCfg = Debug|Win32
		{761D961E-4F76-4658-9BBC-356B8CF3B51A}.Debug|x86.Build.0 = Debug|Win32
		{761D961E-4F76-4658-9BBC-356B8CF3B51A}.Release|x64.ActiveCfg = Release|x64
		{761D961E-4F76-4658-9BBC-356B8CF3B51A}.Release|x64.Build.0 = Release|x64
		{761D961E-4F76-4658-9BBC-356B8CF3B51A}.Release|x86.ActiveCfg = Release|Win32
		{761D961E-4F76-4658-9BBC-356B8CF3B51A}.Release|x86.Build.0 = Release|Win32
		{3C0EE72E-7B28-4DA8-8722-3F40CE85932F}.Debug|x64.ActiveCfg = Debug|x64
		{3C0EE72E-7B28-4DA8-8722-3F40CE85932F}.Debug|x64.Build.0 = Debug|x64
		{3C0EE72E-7B28-4DA8-8722-3F40CE85932F}.Debug|x86.ActiveCfg = Debug|Win32
		{3C0EE72E-7B28-4DA8-8722-3F40CE85932F}.Debug|x86.Build.0 = Debug|Win32
		{3C0EE72E-7B28-4DA8-8722-3F40CE85932F}.Release|x64.ActiveCfg = Release|x64
		{3C0EE72E-7B28-4DA8-8722-3F40CE85932F}.Release|x64.Build.0 = Release|x64
		{3C0EE72E-7B28-4DA8-8722-3F40CE85932F}.Release|x86.ActiveCfg = Release|Win32
		{3C0EE72E-7B28-4DA8-8722-3F40CE85932F}.Release|x86.Build.0 = Release|Win32
		{9DBA00F8-28CB-474A-8105-D77D6E06BE52}.Debug|x64.ActiveCfg = Debug|x64
		{9DBA00F8-28CB-474A-8105-D77D6E06BE52}.Debug|x64.Build.0 = Debug|x64
		{9DBA00F8-28CB-474A-8105-D77D6E06BE52}.Debug|x86.ActiveCfg = Debug|Win32
		{9DBA00F8-28CB-474A-8105-D77D6E06BE52}.Debug|x86.Build.0 = Debug|Win32
		{9DBA00F8-28CB-474A-8105-D77D6E06BE52}.Release|x64.ActiveCfg = Release|x64
		{9DBA00F8-28CB-474A-8105-D77D6E06BE52}.Release|x64.Build.0 = Release|x64
		{9DBA00F8-28CB-474A-8105-D77D6E06BE52}.Release|x86.ActiveCfg = Release|Win32
		{9DBA00F8-28CB-474A-8105-D77D6E06BE52}.Release|x86.Build.0 = Release|Win32
		{4E7CC9D1-7655-4F88-B7C9-8E5C2C647D25}.Debug|x64.ActiveCfg = Debug|x64
		{4E7CC9D1-7655-4F88-B7C9-8E5C2C647D25}.Debug|x64.Build.0 = Debug|x64
		{4E7CC9D1-7655-4F88-B7C9-8E5C2C647D25}.Debug|x86.ActiveCfg = Debug|Win32
		{4E7CC9D1-7655-4F88-B7C9-8E5C2C647D25}.Debug|x86.Build.0 = Debug|Win32
		{4E7CC9D1-7655-4F88-B7C9-8E5C2C647D25}.Release|x64.ActiveCfg = Release|x64
		{4E7CC9D1-7655-4F88-B7C9-8E5C2C647D25}.Release|x64.Build.0 = Release|x64
		{4E7CC9D1-7655-4F88-B7C9-8E5C2C647D25}.Release|x86.ActiveCfg = Release|Win32
		{4E7CC9D1-7655-4F88-B7C9-8E5C2C647D25}.Release|x86.Build.0 = Release|Win32
		{A363F97A-7DFB-42B2-9536-1A60FB460E13}.Debug|x64.ActiveCfg = Debug|x64
		{A363F97A-7DFB-42B2-9536-1A60FB460E13}.Debug|x64.Build.0 = Debug|x64
		{A363F97A-7DFB-42B2-9536-1A60FB460E13}.Debug|x86.ActiveCfg = Debug|Win32
		{A363F97A-7DFB-42B2-9536-1A60FB460E13}.Debug|x86.Build.0 = Debug|Win32
		{A363F97A-7DFB-42B2-9536-1A60FB460E13}.Release|x64.ActiveCfg = Release|x64
		{A363F97A-7DFB-42B2-9536-1A60FB460E13}.Release|x64.Build.0 = Release|x64
		{A363F97A-7DFB-42B2-9536-1A60FB460E13}.Release|x86.ActiveCfg = Release|Win32
		{A363F97A-7DFB-42B2-9536-1A60FB460E13}.Release|x86.Build.0 = Release|Win32
		{D361D6DF-5010-4D9B-8D54-418A1FEECB98}.Debug|x64.ActiveCfg = Debug|x64
		{D361D6DF-5010-4D9B-8D54-418A1FEECB98}.Debug|x64.Build.0 = Debug|x64
		{D361D6DF-5010-4D9B-8D54-418A1FEECB98}.Debug|x86.ActiveCfg = Debug|Win32
		{D361D6DF-5010-4D9B-8D54-418A1FEECB98}.Debug|x86.Build.0 = Debug|Win32
		{D361D6DF-5010-4D9B-8D54-418A1FEECB98}.Release|x64.ActiveCfg = Release|x64
		{D361D6DF-5010-4D9B-8D54-418A1FEECB98}.Release|x64.Build.0 = Release|x64
		{D361D6DF-5010-4D9B-8D54-418A1FEECB98}.Release|x86.ActiveCfg = Release|Win32
		{D361D6DF-5010-4D9B-8D54-418A1FEECB98}.Release|x86.Build.0 = Release|Win32
		{60B5F00D-F04B-4730-8707-6303ABF8E1AE}.Debug|x64.ActiveCfg = Debug|x64
		{60B5F00D-F04B-4730-8707-6303ABF8E1AE}.Debug|x64.Build.0 = Debug|x64
		{60B5F00D-F04B-4730-8707-6303ABF8E1AE}.Debug|x86.ActiveCfg = Debug|Win32
		{60B5F00D-F04B-4730-8707-6303ABF8E1AE}.Debug|x86.Build.0 = Debug|Win32
		{60B5F00D-F04B-4730-8707-6303ABF8E1AE}.Release|x64.ActiveCfg = Release|x64
		{60B5F00D-F04B-4730-8707-6303ABF8E1AE}.Release|x64.Build.0 = Release|x64
		{60B5F00D-F04B-4730-8707-6303ABF8E1AE}.Release|x86.ActiveCfg = Release|Win32
		{60B5F00D-F04B-4730-8707-6303ABF8E1AE}.Release|x86.Build.0 = Release|Win32
		{B08566EB-C102-4006-B6EF-29F300DA7B92}.Debug|x64.ActiveCfg = Debug|x64
		{B08566EB-C102-4006-B6EF-29F300DA7B92}.Debug|x64.Build.0 = Debug|x64
		{B08566EB-C102-4006-B6EF-29F300DA7B92}.Debug|x86.ActiveCfg = Debug|Win32
		{B08566EB-C102-4006-B6EF-29F300DA7B92}.Debug|x86.Build.0 = Debug|Win32
		{B08566EB-C102-4006-B6EF-29F300DA7B92}.Release|x64.ActiveCfg = Release|x64
		{B08566EB-C102-4006-B6EF-29F300DA7B92}.Release|x64.Build.0 = Release|x64
		{B08566EB-C102-4006-B6EF-29F300DA7B92}.Release|x86.ActiveCfg = Release|Win32
		{B08566EB-C102-4006-B6EF-29F300DA7B92}.Release|x86.Build.0 = Release|Win32
		{8D63AAB8-08C5-4E7F-8747-1006294DACB9}.Debug|x64.ActiveCfg = Debug|x64
		{8D63AAB8-08C5-4E7F-8747-1006294DACB9}.Debug|x64.Build.0 = Debug|x64
		{8D63AAB8-08C5-4E7F-8747-1006294DACB9}.Debug|x86.ActiveCfg = Debug|Win32
		{8D63AAB8-08C5-4E7F-8747-1006294DACB9}.Debug|x86.Build.0 = Debug|Win32
		{8D63AAB8-08C5-4E7F-8747-1006294DACB9}.Release|x64.ActiveCfg = Release|x64
		{8D63AAB8-08C5-4E7F-8747-1006294DACB9}.Release|x64.Build.0 = Release|x64
		{8D63AAB8-08C5-4E7F-8747-1006294DACB9}.Release|x86.ActiveCfg = Release|Win32
		{8D63AAB8-08C5-4E7F-8747-1006294DACB9}.Release|x86.Build.0 = Release|Win32
		{7D092719-F5DD-419D-B4FC-672B79C4713C}.Debug|x64.ActiveCfg = Debug|x64
		{7D092719-F5DD-419D-B4FC-672B79C4713C}.Debug|x64.Build.0 = Debug|x64
		{7D092719-F5DD-419D-B4FC-672B79C4713C}.Debug|x86.ActiveCfg = Debug|Win32
		{7D092719-F5DD-419D-B4FC-672B79C4713C}.Debug|x86.Build.0 = Debug|Win32
		{7D092719-F5DD-419D-B4FC-672B79C4713C}.Release|x64.ActiveCfg = Release|x64
		{7D092719-F5DD-419D-B4FC-672B79C4713C}.Release|x64.Build.0 = Release|x64
		{7D092719-F5DD-419D-B4FC-672B79C4713C}.Release|x86.ActiveCfg = Release|Win32
		{7D092719-F5DD-419D-B4FC-672B79C4713C}.Release|x86.Build.0 = Release|Win32
		{F1D836C9-5C2C-4AB4-9FF2-13CFFD022A3E}.Debug|x64.ActiveCfg = Debug|x64
		{F1D836C9-5C2C-4AB4-9FF2-13CFFD022A3E}.Debug|x64.Build.0 = Debug|x64
		{F1D836C9-5C2C-4AB4-9FF2-13CFFD022A3E}.Debug|x86.ActiveCfg = Debug|Win32
		{F1D836C9-5C2C-4AB4-9FF2-13CFFD022A3E}.Debug|x86.Build.0 = Debug|Win32
		{F1D836C9-5C2C-4AB4-9FF2-13CFFD022A3E}.Release|x64.ActiveCfg = Release|x64
		{F1D836C9-5C2C-4AB4-9FF2-13CFFD022A3E}.Release|x64.Build.0 = Release|x64
		{F1D836C9-5C2C-4AB4-9FF2-13CFFD022A3E}.Release|x86.ActiveCfg = Release|Win32
		{F1D836C9-5C2C-4AB4-9FF2-13CFFD022A3E}.Release|x86.Build.0 = Release|Win32
		{47BEF9E0-72D9-4570-A16E-4D2A03EE90A0}.Debug|x64.ActiveCfg = Debug|x64
		{47BEF9E0-72D9-4570-A16E-4D2A03EE90A0}.Debug|x64.Build.0 = Debug|x64
		{47BEF9E0-72D9-4570-A16E-4D2A03EE90A0}.Debug|x86.ActiveCfg = Debug|Win32
		{47BEF9E0-72D9-4570-A16E-4D2A03EE90A0}.Debug|x86.Build.0 = Debug|Win32
		{47BEF9E0-72D9-4570-A16E-4D2A03EE90A0}.Release|x64.ActiveCfg = Release|x64
		{47BEF9E0-72D9-4570-A16E-4D2A03EE90A0}.Release|x64.Build.0 = Release|x64
		{47BEF9E0-72D9-4570-A16E-4D2A03EE90A0}.Release|x86.ActiveCfg = Release|Win32
		{47BEF9E0-72D9-4570-A16E-4D2A03EE90A0}.Release|x86.Build.0 = Release|Win32
		{41B68EAD-EED6-4E15-AAB1-33FA45A33667}.Debug|x64.ActiveCfg = Debug|x64
		{41B68EAD-EED6-4E15-AAB1-33FA45A33667}.Debug|x64.Build.0 = Debug|x64
		{41B68EAD-EED6-4E15-AAB1-33FA45A33667}.Debug|x86.ActiveCfg = Debug|Win32
		{41B68EAD-EED6-4E15-AAB1-33FA45A33667}.Debug|x86.Build.0 = Debug|Win32
		{41B68EAD-EED6-4E15-AAB1-33FA45A33667}.Release|x64.ActiveCfg = Release|x64
		{41B68EAD-EED6-4E15-AAB1-33FA45A33667}.Release|x64.Build.0 = Release|x64
		{41B68EAD-EED6-4E15-AAB1-33FA45A33667}.Release|x86.ActiveCfg = Release|Win32
		{41B68EAD-EED6-4E15-AAB1-33FA45A33667}.Release|x86.Build.0 = Release|Win32
		{4A7813B3-850D-4BAC-AEBB-69A5EF184590}.Debug|x64.ActiveCfg = Debug|x64
		{4A7813B3-850D-4BAC-AEBB-69A5EF184590}.Debug|x64.Build.0 = Debug|x64
		{4A7813B3-850D-4BAC-AEBB-69A5EF184590}.Debug|x86.ActiveCfg = Debug|Win32
		{4A7813B3-850D-4BAC-AEBB-69A5EF184590}.Debug|x86.Build.0 = Debug|Win32
		{4A7813B3-850D-4BAC-AEBB-69A5EF184590}.Release|x64.ActiveCfg = Release|x64
		{4A7813B3-850D-4BAC-AEBB-69A5EF184590}.Release|x64.Build.0 = Release|x64
		{4A7813B3-850D-4BAC-AEBB-69A5EF184590}.Release|x86.ActiveCfg = Release|Win32
		{4A7813B3-850D-4BAC-AEBB-69A5EF184590}.Release|x86.Build.0 = Release|Win32
		{9B72D788-D969-479D-9A44-EA64E27F7585}.Debug|x64.ActiveCfg = Debug|x64
		{9B72D788-D969-479D-9A44-EA64E27F7585}.Debug|x64.Build.0 = Debug|x64
		{9B72D788-D969-479D-9A44-EA64E27F7585}.Debug|x86.ActiveCfg = Debug|Win32
		{9B72D788-D969-479D-9A44-EA64E27F7585}.Debug|x86.Build.0 = Debug|Win32
		{9B72D788-D969-479D-9A44-EA64E27F7585}.Release|x64.ActiveCfg = Release|x64
		{9B72D788-D969-479D-9A44-EA64E27F7585}.Release|x64.Build.0 = Release|x64
		{9B72D788-D969-479D-9A44-EA64E27F7585}.Release|x86.ActiveCfg = Release|Win32
		{9B72D788-D969-479D-9A44-EA64E27F7585}.Release|x86.Build.0 = Release|Win32
		{8A44E823-8ADC-4F16-9CE3-37AB9C51978E}.Debug|x64.ActiveCfg = Debug|x64
		{8A44E823-8ADC-4F16-9CE3-37AB9C51978E}.Debug|x64.Build.0 = Debug|x64
		{8A44E823-8ADC-4F16-9CE3-37AB9C51978E}.Debug|x86.ActiveCfg = Debug|Win32
		{8A44E823-8ADC-4F16-9CE3-37AB9C51978E}.Debug|x86.Build.0 = Debug|Win32
		{8A44E823-8ADC-4F16-9CE3-37AB9C51978E}.Release|x64.ActiveCfg = Release|x64
		{8A44E823-8ADC-4F16-9CE3-37AB9C51978E}.Release|x64.Build.0 = Release|x64
		{8A44E823-8ADC-4F16-9CE3-37AB9C51978E}.Release|x86.ActiveCfg = Release|Win32
		{8A44E823-8ADC-4F16-9CE3-37AB9C51978E}.Release|x86.Build.0 = Release|Win32
		{12BE5B85-D49C-48A8-B0C2-32CB56A75AC3}.Debug|x64.ActiveCfg = Debug|x64
		{12BE5B85-D49C-48A8-B0C2-32CB56A75AC3}.Debug|x64.Build.0 = Debug|x64
		{12BE5B85-D49C-48A8-B0C2-32CB56A75AC3}.Debug|x86.ActiveCfg = Debug|Win32
		{12BE5B85-D49C-48A8-B0C2-32CB56A75AC3}.Debug|x86.Build.0 = Debug|Win32
		{12BE5B85-D49C-48A8-B0C2-32CB56A75AC3}.Release|x64.ActiveCfg = Release|x64
		{12BE5B85-D49C-48A8-B0C2-32CB56A75AC3}.Release|x64.Build.0 = Release|x64
		{12BE5B85-D49C-48A8-B0C2-32CB56A75AC3}.Release|x86.ActiveCfg = Release|Win32
		{12BE5B85-D49C-48A8-B0C2-32CB56A75AC3}.Release|x86.Build.0 = Release|Win32
		{73CE10E1-7C46-44AD-9216-ADC02527E0D3}.Debug|x64.ActiveCfg = Debug|x64
		{73CE10E1-7C46-44AD-9216-ADC02527E0D3}.Debug|x64.Build.0 = Debug|x64
		{73CE10E1-7C46-44AD-9216-ADC02527E0D3}.Debug|x86.ActiveCfg = Debug|Win32
		{73CE10E1-7C46-44AD-9216-ADC02527E0D3}.Debug|x86.Build.0 = Debug|Win32
		{73CE10E1-7C46-44AD-9216-ADC02527E0D3}.Release|x64.ActiveCfg = Release|x64
		{73CE10E1-7C46-44AD-9216-ADC02527E0D3}.Release|x64.Build.0 = Release|x64
		{73CE10E1-7C46-44AD-9216-ADC02527E0D3}.Release|x86.ActiveCfg = Release|Win32
		{73CE10E1-7C46-44AD-9216-ADC02527E0D3}.Release|x86.Build.0 = Release|Win32
		{ACE4750C-DF57-4A6C-B6F7-6FAC52860319}.Debug|x64.ActiveCfg = Debug|x64
		{ACE4750C-DF57-4A6C-B6F7-6FAC52860319}.Debug|x64.Build.0 = Debug|x64
		{ACE4750C-DF57-4A6C-B6F7-6FAC52860319}.Debug|x86.ActiveCfg = Debug|Win32
		{ACE4750C-DF57-4A6C-B6F7-6FAC52860319}.Debug|x86.Build.0 = Debug|Win32
		{ACE4750C-DF57-4A6C-B6F7-6FAC52860319}.Release|x64.ActiveCfg = Release|x64
		{ACE4750C-DF57-4A6C-B6F7-6FAC52860319}.Release|x64.Build.0 = Release|x64
		{ACE4750C-DF57-4A6C-B6F7-6FAC52860319}.Release|x86.ActiveCfg = Release|Win32
		{ACE4750C-DF57-4A6C-B6F7-6FAC52860319}.Release|x86.Build.0 = Release|Win32
		{E821F6AE-C7D2-4856-BB68-929D8CE13211}.Debug|x64.ActiveCfg = Debug|x64
		{E821F6AE-C7D2-4856-BB68-929D8CE13211}.Debug|x64.Build.0 = Debug|x64
		{E821F6AE-C7D2-4856-BB68-929D8CE13211}.Debug|x86.ActiveCfg = Debug|Win32
		{E821F6AE-C7D2-4856-BB68-929D8CE13211}.Debug|x86.Build.0 = Debug|Win32
		{E821F6AE-C7D2-4856-BB68-929D8CE13211}.Release|x64.ActiveCfg = Release|x64
		{E821F6AE-C7D2-4856-BB68-929D8CE13211}.Release|x64.Build.0 = Release|x64
		{E821F6AE-C7D2-4856-BB68-929D8CE13211}.Release|x86.ActiveCfg = Release|Win32
		{E821F6AE-C7D2-4856-BB68-929D8CE13211}.Release|x86.Build.0 = Release|Win32
		{916DF1B7-A6BF-45DF-88FE-614B758082ED}.Debug|x64.ActiveCfg = Debug|x64
		{916DF1B7-A6BF-45DF-88FE-614B758082ED}.Debug|x64.Build.0 = Debug|x64
		{916DF1B7-A6BF-45DF-88FE-614B758082ED}.Debug|x86.ActiveCfg = Debug|Win32
		{916DF1B7-A6BF-45DF-88FE-614B758082ED}.Debug|x86.Build.0 = Debug|Win32
		{916DF1B7-A6BF-45DF-88FE-614B758082ED}.Release|x64.ActiveCfg = Release|x64
		{916DF1B7-A6BF-45DF-88FE-614B758082ED}.Release|x64.Build.0 = Release|x64
		{916DF1B7-A6BF-45DF-88FE-614B758082ED}.Release|x86.ActiveCfg = Release|Win32
		{916DF1B7-A6BF-45DF-88FE-614B758082ED}.Release|x86.Build.0 = Release|Win32
		{CE58E4ED-5B9A-4F2E-9E22-6F6C5A5A8677}.Debug|x64.ActiveCfg = Debug|x64
		{CE58E4ED-5B9A-4F2E-9E22-6F6C5A5A8677}.Debug|x64.Build.0 = Debug|x64
		{CE58E4ED-5B9A-4F2E-9E22-6F6C5A5A8677}.Debug|x86.ActiveCfg = Debug|Win32
		{CE58E4ED-5B9A-4F2E-9E22-6F6C5A5A8677}.Debug|x86.Build.0 = Debug|Win32
		{CE58E4ED-5B9A-4F2E-9E22-6F6C5A5A8677}.Release|x64.ActiveCfg = Release|x64
		{CE58E4ED-5B9A-4F2E-9E22-6F6C5A5A8677}.Release|x64.Build.0 = Release|x64
		{CE58E4ED-5B9A-4F2E-9E22-6F6C5A5A8677}.Release|x86.ActiveCfg = Release|Win32
		{CE58E4ED-5B9A-4F2E-9E22-6F6C5A5A8677}.Release|x86.Build.0 = Release|Win32
		{B6DD972F-4507-4090-A21C-32EACBFCF551}.Debug|x64.ActiveCfg = Debug|x64
		{B6DD972F-4507-4090-A21C-32EACBFCF551}.Debug|x64.Build.0 = Debug|x64
		{B6DD972F-4507-4090-A21C-32EACBFCF551}.Debug|x86.ActiveCfg = Debug|Win32
		{B6DD972F-4507-4090-A21C-32EACBFCF551}.Debug|x86.Build.0 = Debug|Win32
		{B6DD972F-4507-4090-A21C-32EACBFCF551}.Release|x64.ActiveCfg = Release|x64
		{B6DD972F-4507-4090-A21C-32EACBFCF551}.Release|x64.Build.0 = Release|x64
		{B6DD972F-4507-4090-A21C-32EACBFCF551}.Release|x86.ActiveCfg = Release|Win32
		{B6DD972F-4507-4090-A21C-32EACBFCF551}.Release|x86.Build.0 = Release|Win32
		{A15D4A2A-18B9-49ED-934B-C54044C180B6}.Debug|x64.ActiveCfg = Debug|x64
		{A15D4A2A-18B9-49ED-934B-C54044C180B6}.Debug|x64.Build.0 = Debug|x64
		{A15D4A2A-18B9-49ED-934B-C54044C180B6}.Debug|x86.ActiveCfg = Debug|Win32
		{A15D4A2A-18B9-49ED-934B-C54044C180B6}.Debug|x86.Build.0 = Debug|Win32
		{A15D4A2A-18B9-49ED-934B-C54044C180B6}.Release|x64.ActiveCfg = Release|x64
		{A15D4A2A-18B9-49ED-934B-C54044C180B6}.Release|x64.Build.0 = Release|x64
		{A15D4A2A-18B9-49ED-934B-C54044C180B6}.Release|x86.ActiveCfg = Release|Win32
		{A15D4A2A-18B9-49ED-934B-C54044C180B6}.Release|x86.Build.0 = Release|Win32
		{6908671E-4DE5-4893-A9CF-ABB4072DACA9}.Debug|x64.ActiveCfg = Debug|x64
		{6908671E-4DE5-4893-A9CF-ABB4072DACA9}.Debug|x64.Build.0 = Debug|x64
		{6908671E-4DE5-4893-A9CF-ABB4072DACA9}.Debug|x86.ActiveCfg = Debug|Win32
		{6908671E-4DE5-4893-A9CF-ABB4072DACA9}.Debug|x86.Build.0 = Debug|Win32
		{6908671E-4DE5-4893-A9CF-ABB4072DACA9}.Release|x64.ActiveCfg = Release|x64
		{6908671E-4DE5-4893-A9CF-ABB4072DACA9}.Release|x64.Build.0 = Release|x64
		{6908671E-4DE5-4893-A9CF-ABB4072DACA9}.Release|x86.ActiveCfg = Release|Win32
		{6908671E-4DE5-4893-A9CF-ABB4072DACA9}.Release|x86.Build.0 = Release|Win32
	EndGlobalSection
	GlobalSection(SolutionProperties) = preSolution
		HideSolutionNode = FALSE
	EndGlobalSection
	GlobalSection(ExtensibilityGlobals) = postSolution
		SolutionGuid = {7D8E4D89-8529-40A9-A999-42FAD979DDEB}
	EndGlobalSection
EndGlobal
